
Microsoft Visual Studio Solution File, Format Version 12.00
# Visual Studio Version 16
VisualStudioVersion = 16.0.31205.134
MinimumVisualStudioVersion = 10.0.40219.1
Project("{9A19103F-16F7-4668-BE54-9A1E7A4F7556}") = "ConsoleApp1", "ConsoleApp1\ConsoleApp1.csproj", "{AD232C46-55DB-445B-B514-06F093CC02E1}"
EndProject
Project("{9A19103F-16F7-4668-BE54-9A1E7A4F7556}") = "TestProject1", "TestProject1\TestProject1.csproj", "{A0DBBEC7-2376-4067-AD0E-BDBA594829E5}"
EndProject
Project("{FAE04EC0-301F-11D3-BF4B-00C04F79EFBC}") = "MyCodeTest", "MyCodeTest\MyCodeTest.csproj", "{444D2F46-B22F-4450-AE20-4F55AF614748}"
EndProject
Project("{FAE04EC0-301F-11D3-BF4B-00C04F79EFBC}") = "Captcha", "Captcha\Captcha.csproj", "{6C5ADA98-FE15-40CE-A548-0163BCFEFA3A}"
EndProject
Global
	GlobalSection(SolutionConfigurationPlatforms) = preSolution
		Debug|Any CPU = Debug|Any CPU
		Release|Any CPU = Release|Any CPU
	EndGlobalSection
	GlobalSection(ProjectConfigurationPlatforms) = postSolution
		{AD232C46-55DB-445B-B514-06F093CC02E1}.Debug|Any CPU.ActiveCfg = Debug|Any CPU
		{AD232C46-55DB-445B-B514-06F093CC02E1}.Debug|Any CPU.Build.0 = Debug|Any CPU
		{AD232C46-55DB-445B-B514-06F093CC02E1}.Release|Any CPU.ActiveCfg = Release|Any CPU
		{AD232C46-55DB-445B-B514-06F093CC02E1}.Release|Any CPU.Build.0 = Release|Any CPU
		{A0DBBEC7-2376-4067-AD0E-BDBA594829E5}.Debug|Any CPU.ActiveCfg = Debug|Any CPU
		{A0DBBEC7-2376-4067-AD0E-BDBA594829E5}.Debug|Any CPU.Build.0 = Debug|Any CPU
		{A0DBBEC7-2376-4067-AD0E-BDBA594829E5}.Release|Any CPU.ActiveCfg = Release|Any CPU
		{A0DBBEC7-2376-4067-AD0E-BDBA594829E5}.Release|Any CPU.Build.0 = Release|Any CPU
		{444D2F46-B22F-4450-AE20-4F55AF614748}.Debug|Any CPU.ActiveCfg = Debug|Any CPU
		{444D2F46-B22F-4450-AE20-4F55AF614748}.Debug|Any CPU.Build.0 = Debug|Any CPU
		{444D2F46-B22F-4450-AE20-4F55AF614748}.Release|Any CPU.ActiveCfg = Release|Any CPU
		{444D2F46-B22F-4450-AE20-4F55AF614748}.Release|Any CPU.Build.0 = Release|Any CPU
		{6C5ADA98-FE15-40CE-A548-0163BCFEFA3A}.Debug|Any CPU.ActiveCfg = Debug|Any CPU
		{6C5ADA98-FE15-40CE-A548-0163BCFEFA3A}.Debug|Any CPU.Build.0 = Debug|Any CPU
		{6C5ADA98-FE15-40CE-A548-0163BCFEFA3A}.Release|Any CPU.ActiveCfg = Release|Any CPU
		{6C5ADA98-FE15-40CE-A548-0163BCFEFA3A}.Release|Any CPU.Build.0 = Release|Any CPU
	EndGlobalSection
	GlobalSection(SolutionProperties) = preSolution
		HideSolutionNode = FALSE
	EndGlobalSection
	GlobalSection(ExtensibilityGlobals) = postSolution
		SolutionGuid = {1FBAEAF0-7C61-4274-94B6-FF7C14173399}
	EndGlobalSection
EndGlobal
